
Microsoft Visual Studio Solution File, Format Version 12.00
# Visual Studio Version 17
VisualStudioVersion = 17.14.36518.9 d17.14
MinimumVisualStudioVersion = 10.0.40219.1
Project("{8BC9CEB8-8B4A-11D0-8D11-00A0C91BC942}") = "CS 300 - Project 2", "CS 300 - Project 2\CS 300 - Project 2.vcxproj", "{EDDFEF82-08EF-4148-93AC-59DAFE15F392}"
EndProject
Global
	GlobalSection(SolutionConfigurationPlatforms) = preSolution
		Debug|x64 = Debug|x64
		Debug|x86 = Debug|x86
		Release|x64 = Release|x64
		Release|x86 = Release|x86
	EndGlobalSection
	GlobalSection(ProjectConfigurationPlatforms) = postSolution
		{EDDFEF82-08EF-4148-93AC-59DAFE15F392}.Debug|x64.ActiveCfg = Debug|x64
		{EDDFEF82-08EF-4148-93AC-59DAFE15F392}.Debug|x64.Build.0 = Debug|x64
		{EDDFEF82-08EF-4148-93AC-59DAFE15F392}.Debug|x86.ActiveCfg = Debug|Win32
		{EDDFEF82-08EF-4148-93AC-59DAFE15F392}.Debug|x86.Build.0 = Debug|Win32
		{EDDFEF82-08EF-4148-93AC-59DAFE15F392}.Release|x64.ActiveCfg = Release|x64
		{EDDFEF82-08EF-4148-93AC-59DAFE15F392}.Release|x64.Build.0 = Release|x64
		{EDDFEF82-08EF-4148-93AC-59DAFE15F392}.Release|x86.ActiveCfg = Release|Win32
		{EDDFEF82-08EF-4148-93AC-59DAFE15F392}.Release|x86.Build.0 = Release|Win32
	EndGlobalSection
	GlobalSection(SolutionProperties) = preSolution
		HideSolutionNode = FALSE
	EndGlobalSection
	GlobalSection(ExtensibilityGlobals) = postSolution
		SolutionGuid = {0F566EA6-F254-41F0-901E-7655664A2CCB}
	EndGlobalSection
EndGlobal
